// !$*UTF8*$!
{
	archiveVersion = 1;
	classes = {
	};
	objectVersion = 52;
	objects = {

/* Begin PBXBuildFile section */
		F157516626BC163F00F2C026 /* AppDelegate.swift in Sources */ = {isa = PBXBuildFile; fileRef = F157516526BC163F00F2C026 /* AppDelegate.swift */; };
		F157516A26BC163F00F2C026 /* ViewController.swift in Sources */ = {isa = PBXBuildFile; fileRef = F157516926BC163F00F2C026 /* ViewController.swift */; };
		F157516F26BC164200F2C026 /* Assets.xcassets in Resources */ = {isa = PBXBuildFile; fileRef = F157516E26BC164200F2C026 /* Assets.xcassets */; };
		F157517D26BC164200F2C026 /* scai_ios_testTests.swift in Sources */ = {isa = PBXBuildFile; fileRef = F157517C26BC164200F2C026 /* scai_ios_testTests.swift */; };
		F15751A926BC1C0B00F2C026 /* RxSwift in Frameworks */ = {isa = PBXBuildFile; productRef = F15751A826BC1C0B00F2C026 /* RxSwift */; };
		F15751AB26BC1C0B00F2C026 /* RxCocoa in Frameworks */ = {isa = PBXBuildFile; productRef = F15751AA26BC1C0B00F2C026 /* RxCocoa */; };
		F15751B026BC1C2C00F2C026 /* RxDataSources in Frameworks */ = {isa = PBXBuildFile; productRef = F15751AF26BC1C2C00F2C026 /* RxDataSources */; };
		F15751B526BC1D0A00F2C026 /* RxGesture in Frameworks */ = {isa = PBXBuildFile; productRef = F15751B426BC1D0A00F2C026 /* RxGesture */; };
		F15751BA26BC1DA600F2C026 /* RxRealm in Frameworks */ = {isa = PBXBuildFile; productRef = F15751B926BC1DA600F2C026 /* RxRealm */; };
		F15751C226BC1DDE00F2C026 /* NSObject-Rx in Frameworks */ = {isa = PBXBuildFile; productRef = F15751C126BC1DDE00F2C026 /* NSObject-Rx */; };
		F15751DB26BC1F9200F2C026 /* Application.swift in Sources */ = {isa = PBXBuildFile; fileRef = F15751DA26BC1F9200F2C026 /* Application.swift */; };
		F15751DF26BC1FAC00F2C026 /* Navigator.swift in Sources */ = {isa = PBXBuildFile; fileRef = F15751DE26BC1FAC00F2C026 /* Navigator.swift */; };
		F15751E326BC202000F2C026 /* ViewModelType.swift in Sources */ = {isa = PBXBuildFile; fileRef = F15751E226BC202000F2C026 /* ViewModelType.swift */; };
		F15751E726BC204100F2C026 /* NetworkManager.swift in Sources */ = {isa = PBXBuildFile; fileRef = F15751E626BC204100F2C026 /* NetworkManager.swift */; };
		F15751EB26BC209900F2C026 /* Response.swift in Sources */ = {isa = PBXBuildFile; fileRef = F15751EA26BC209900F2C026 /* Response.swift */; };
		F15751FC26BC212200F2C026 /* TabBarViewController.swift in Sources */ = {isa = PBXBuildFile; fileRef = F15751F926BC212200F2C026 /* TabBarViewController.swift */; };
		F15751FD26BC212200F2C026 /* TabBarViewModel.swift in Sources */ = {isa = PBXBuildFile; fileRef = F15751FA26BC212200F2C026 /* TabBarViewModel.swift */; };
		F157520326BC21C900F2C026 /* StoryboardName.swift in Sources */ = {isa = PBXBuildFile; fileRef = F157520226BC21C900F2C026 /* StoryboardName.swift */; };
		F157520726BC22ED00F2C026 /* NavigationController.swift in Sources */ = {isa = PBXBuildFile; fileRef = F157520626BC22ED00F2C026 /* NavigationController.swift */; };
		F1CA22C926BC27AB0071CD5D /* Rx+Ext.swift in Sources */ = {isa = PBXBuildFile; fileRef = F1CA22C826BC27AB0071CD5D /* Rx+Ext.swift */; };
		F1CA22DE26BC2C4D0071CD5D /* Landing.storyboard in Resources */ = {isa = PBXBuildFile; fileRef = F1CA22DB26BC2C4D0071CD5D /* Landing.storyboard */; };
		F1CA22DF26BC2C4D0071CD5D /* LandingViewController.swift in Sources */ = {isa = PBXBuildFile; fileRef = F1CA22DC26BC2C4D0071CD5D /* LandingViewController.swift */; };
		F1CA22E026BC2C4D0071CD5D /* LandingViewModel.swift in Sources */ = {isa = PBXBuildFile; fileRef = F1CA22DD26BC2C4D0071CD5D /* LandingViewModel.swift */; };
		F1CA22E426BC30F10071CD5D /* UIImagePickerController+Rx.swift in Sources */ = {isa = PBXBuildFile; fileRef = F1CA22E326BC30F10071CD5D /* UIImagePickerController+Rx.swift */; };
		F1CA22E826BC35A50071CD5D /* TabBarItem.swift in Sources */ = {isa = PBXBuildFile; fileRef = F1CA22E726BC35A50071CD5D /* TabBarItem.swift */; };
		F1CA22F526BC36670071CD5D /* TypeSelect.storyboard in Resources */ = {isa = PBXBuildFile; fileRef = F1CA22F226BC36670071CD5D /* TypeSelect.storyboard */; };
		F1CA22F626BC36670071CD5D /* TypeSelectViewController.swift in Sources */ = {isa = PBXBuildFile; fileRef = F1CA22F326BC36670071CD5D /* TypeSelectViewController.swift */; };
		F1CA22F726BC36670071CD5D /* TypeSelectViewModel.swift in Sources */ = {isa = PBXBuildFile; fileRef = F1CA22F426BC36670071CD5D /* TypeSelectViewModel.swift */; };
		F1CA22FB26BC42820071CD5D /* PhotoDetail.swift in Sources */ = {isa = PBXBuildFile; fileRef = F1CA22FA26BC42820071CD5D /* PhotoDetail.swift */; };
		F1CA22FF26BC42E00071CD5D /* RequestProtocol.swift in Sources */ = {isa = PBXBuildFile; fileRef = F1CA22FE26BC42E00071CD5D /* RequestProtocol.swift */; };
		F1CA230326BC45340071CD5D /* MockDataCreator.swift in Sources */ = {isa = PBXBuildFile; fileRef = F1CA230226BC45340071CD5D /* MockDataCreator.swift */; };
		F1CA230826BC45770071CD5D /* photo_detail.json in Resources */ = {isa = PBXBuildFile; fileRef = F1CA230726BC45770071CD5D /* photo_detail.json */; };
		F1CA230E26BC45D40071CD5D /* NetworkMock.swift in Sources */ = {isa = PBXBuildFile; fileRef = F1CA230D26BC45D40071CD5D /* NetworkMock.swift */; };
		F1CA231226BCE7020071CD5D /* Convertible.swift in Sources */ = {isa = PBXBuildFile; fileRef = F1CA231126BCE7020071CD5D /* Convertible.swift */; };
		F1CA231626BCE7290071CD5D /* Reusable.swift in Sources */ = {isa = PBXBuildFile; fileRef = F1CA231526BCE7290071CD5D /* Reusable.swift */; };
		F1CA231A26BCE7450071CD5D /* Object+Ext.swift in Sources */ = {isa = PBXBuildFile; fileRef = F1CA231926BCE7450071CD5D /* Object+Ext.swift */; };
		F1CA231E26BCE9B80071CD5D /* RMPhotoDetail.swift in Sources */ = {isa = PBXBuildFile; fileRef = F1CA231D26BCE9B80071CD5D /* RMPhotoDetail.swift */; };
		F1CA232226BD5F650071CD5D /* SavedPhotoModel.swift in Sources */ = {isa = PBXBuildFile; fileRef = F1CA232126BD5F650071CD5D /* SavedPhotoModel.swift */; };
		F1CA232626BD668B0071CD5D /* FileManager+Ext.swift in Sources */ = {isa = PBXBuildFile; fileRef = F1CA232526BD668B0071CD5D /* FileManager+Ext.swift */; };
		F1CA233326BD848E0071CD5D /* Gallery.storyboard in Resources */ = {isa = PBXBuildFile; fileRef = F1CA233026BD848E0071CD5D /* Gallery.storyboard */; };
		F1CA233426BD848E0071CD5D /* GalleryViewController.swift in Sources */ = {isa = PBXBuildFile; fileRef = F1CA233126BD848E0071CD5D /* GalleryViewController.swift */; };
		F1CA233526BD848E0071CD5D /* GalleryViewModel.swift in Sources */ = {isa = PBXBuildFile; fileRef = F1CA233226BD848E0071CD5D /* GalleryViewModel.swift */; };
/* End PBXBuildFile section */

/* Begin PBXContainerItemProxy section */
		F157517926BC164200F2C026 /* PBXContainerItemProxy */ = {
			isa = PBXContainerItemProxy;
			containerPortal = F157515A26BC163F00F2C026 /* Project object */;
			proxyType = 1;
			remoteGlobalIDString = F157516126BC163F00F2C026;
			remoteInfo = scai_ios_test;
		};
/* End PBXContainerItemProxy section */

/* Begin PBXFileReference section */
		F157516226BC163F00F2C026 /* scai_ios_test.app */ = {isa = PBXFileReference; explicitFileType = wrapper.application; includeInIndex = 0; path = scai_ios_test.app; sourceTree = BUILT_PRODUCTS_DIR; };
		F157516526BC163F00F2C026 /* AppDelegate.swift */ = {isa = PBXFileReference; lastKnownFileType = sourcecode.swift; path = AppDelegate.swift; sourceTree = "<group>"; };
		F157516926BC163F00F2C026 /* ViewController.swift */ = {isa = PBXFileReference; lastKnownFileType = sourcecode.swift; path = ViewController.swift; sourceTree = "<group>"; };
		F157516E26BC164200F2C026 /* Assets.xcassets */ = {isa = PBXFileReference; lastKnownFileType = folder.assetcatalog; path = Assets.xcassets; sourceTree = "<group>"; };
		F157517326BC164200F2C026 /* Info.plist */ = {isa = PBXFileReference; lastKnownFileType = text.plist.xml; path = Info.plist; sourceTree = "<group>"; };
		F157517826BC164200F2C026 /* scai_ios_testTests.xctest */ = {isa = PBXFileReference; explicitFileType = wrapper.cfbundle; includeInIndex = 0; path = scai_ios_testTests.xctest; sourceTree = BUILT_PRODUCTS_DIR; };
		F157517C26BC164200F2C026 /* scai_ios_testTests.swift */ = {isa = PBXFileReference; lastKnownFileType = sourcecode.swift; path = scai_ios_testTests.swift; sourceTree = "<group>"; };
		F157517E26BC164200F2C026 /* Info.plist */ = {isa = PBXFileReference; lastKnownFileType = text.plist.xml; path = Info.plist; sourceTree = "<group>"; };
		F15751DA26BC1F9200F2C026 /* Application.swift */ = {isa = PBXFileReference; lastKnownFileType = sourcecode.swift; path = Application.swift; sourceTree = "<group>"; };
		F15751DE26BC1FAC00F2C026 /* Navigator.swift */ = {isa = PBXFileReference; lastKnownFileType = sourcecode.swift; path = Navigator.swift; sourceTree = "<group>"; };
		F15751E226BC202000F2C026 /* ViewModelType.swift */ = {isa = PBXFileReference; lastKnownFileType = sourcecode.swift; path = ViewModelType.swift; sourceTree = "<group>"; };
		F15751E626BC204100F2C026 /* NetworkManager.swift */ = {isa = PBXFileReference; lastKnownFileType = sourcecode.swift; path = NetworkManager.swift; sourceTree = "<group>"; };
		F15751EA26BC209900F2C026 /* Response.swift */ = {isa = PBXFileReference; lastKnownFileType = sourcecode.swift; path = Response.swift; sourceTree = "<group>"; };
		F15751F926BC212200F2C026 /* TabBarViewController.swift */ = {isa = PBXFileReference; fileEncoding = 4; lastKnownFileType = sourcecode.swift; path = TabBarViewController.swift; sourceTree = "<group>"; };
		F15751FA26BC212200F2C026 /* TabBarViewModel.swift */ = {isa = PBXFileReference; fileEncoding = 4; lastKnownFileType = sourcecode.swift; path = TabBarViewModel.swift; sourceTree = "<group>"; };
		F157520226BC21C900F2C026 /* StoryboardName.swift */ = {isa = PBXFileReference; lastKnownFileType = sourcecode.swift; path = StoryboardName.swift; sourceTree = "<group>"; };
		F157520626BC22ED00F2C026 /* NavigationController.swift */ = {isa = PBXFileReference; lastKnownFileType = sourcecode.swift; path = NavigationController.swift; sourceTree = "<group>"; };
		F1CA22C826BC27AB0071CD5D /* Rx+Ext.swift */ = {isa = PBXFileReference; lastKnownFileType = sourcecode.swift; path = "Rx+Ext.swift"; sourceTree = "<group>"; };
		F1CA22DB26BC2C4D0071CD5D /* Landing.storyboard */ = {isa = PBXFileReference; fileEncoding = 4; lastKnownFileType = file.storyboard; path = Landing.storyboard; sourceTree = "<group>"; };
		F1CA22DC26BC2C4D0071CD5D /* LandingViewController.swift */ = {isa = PBXFileReference; fileEncoding = 4; lastKnownFileType = sourcecode.swift; path = LandingViewController.swift; sourceTree = "<group>"; };
		F1CA22DD26BC2C4D0071CD5D /* LandingViewModel.swift */ = {isa = PBXFileReference; fileEncoding = 4; lastKnownFileType = sourcecode.swift; path = LandingViewModel.swift; sourceTree = "<group>"; };
		F1CA22E326BC30F10071CD5D /* UIImagePickerController+Rx.swift */ = {isa = PBXFileReference; lastKnownFileType = sourcecode.swift; path = "UIImagePickerController+Rx.swift"; sourceTree = "<group>"; };
		F1CA22E726BC35A50071CD5D /* TabBarItem.swift */ = {isa = PBXFileReference; lastKnownFileType = sourcecode.swift; path = TabBarItem.swift; sourceTree = "<group>"; };
		F1CA22F226BC36670071CD5D /* TypeSelect.storyboard */ = {isa = PBXFileReference; fileEncoding = 4; lastKnownFileType = file.storyboard; path = TypeSelect.storyboard; sourceTree = "<group>"; };
		F1CA22F326BC36670071CD5D /* TypeSelectViewController.swift */ = {isa = PBXFileReference; fileEncoding = 4; lastKnownFileType = sourcecode.swift; path = TypeSelectViewController.swift; sourceTree = "<group>"; };
		F1CA22F426BC36670071CD5D /* TypeSelectViewModel.swift */ = {isa = PBXFileReference; fileEncoding = 4; lastKnownFileType = sourcecode.swift; path = TypeSelectViewModel.swift; sourceTree = "<group>"; };
		F1CA22FA26BC42820071CD5D /* PhotoDetail.swift */ = {isa = PBXFileReference; lastKnownFileType = sourcecode.swift; path = PhotoDetail.swift; sourceTree = "<group>"; };
		F1CA22FE26BC42E00071CD5D /* RequestProtocol.swift */ = {isa = PBXFileReference; lastKnownFileType = sourcecode.swift; path = RequestProtocol.swift; sourceTree = "<group>"; };
		F1CA230226BC45340071CD5D /* MockDataCreator.swift */ = {isa = PBXFileReference; lastKnownFileType = sourcecode.swift; path = MockDataCreator.swift; sourceTree = "<group>"; };
		F1CA230726BC45770071CD5D /* photo_detail.json */ = {isa = PBXFileReference; lastKnownFileType = text.json; path = photo_detail.json; sourceTree = "<group>"; };
		F1CA230D26BC45D40071CD5D /* NetworkMock.swift */ = {isa = PBXFileReference; lastKnownFileType = sourcecode.swift; path = NetworkMock.swift; sourceTree = "<group>"; };
		F1CA231126BCE7020071CD5D /* Convertible.swift */ = {isa = PBXFileReference; lastKnownFileType = sourcecode.swift; path = Convertible.swift; sourceTree = "<group>"; };
		F1CA231526BCE7290071CD5D /* Reusable.swift */ = {isa = PBXFileReference; lastKnownFileType = sourcecode.swift; path = Reusable.swift; sourceTree = "<group>"; };
		F1CA231926BCE7450071CD5D /* Object+Ext.swift */ = {isa = PBXFileReference; lastKnownFileType = sourcecode.swift; path = "Object+Ext.swift"; sourceTree = "<group>"; };
		F1CA231D26BCE9B80071CD5D /* RMPhotoDetail.swift */ = {isa = PBXFileReference; lastKnownFileType = sourcecode.swift; path = RMPhotoDetail.swift; sourceTree = "<group>"; };
		F1CA232126BD5F650071CD5D /* SavedPhotoModel.swift */ = {isa = PBXFileReference; lastKnownFileType = sourcecode.swift; path = SavedPhotoModel.swift; sourceTree = "<group>"; };
		F1CA232526BD668B0071CD5D /* FileManager+Ext.swift */ = {isa = PBXFileReference; lastKnownFileType = sourcecode.swift; path = "FileManager+Ext.swift"; sourceTree = "<group>"; };
		F1CA233026BD848E0071CD5D /* Gallery.storyboard */ = {isa = PBXFileReference; fileEncoding = 4; lastKnownFileType = file.storyboard; path = Gallery.storyboard; sourceTree = "<group>"; };
		F1CA233126BD848E0071CD5D /* GalleryViewController.swift */ = {isa = PBXFileReference; fileEncoding = 4; lastKnownFileType = sourcecode.swift; path = GalleryViewController.swift; sourceTree = "<group>"; };
		F1CA233226BD848E0071CD5D /* GalleryViewModel.swift */ = {isa = PBXFileReference; fileEncoding = 4; lastKnownFileType = sourcecode.swift; path = GalleryViewModel.swift; sourceTree = "<group>"; };
/* End PBXFileReference section */

/* Begin PBXFrameworksBuildPhase section */
		F157515F26BC163F00F2C026 /* Frameworks */ = {
			isa = PBXFrameworksBuildPhase;
			buildActionMask = 2147483647;
			files = (
				F15751B026BC1C2C00F2C026 /* RxDataSources in Frameworks */,
				F15751AB26BC1C0B00F2C026 /* RxCocoa in Frameworks */,
				F15751B526BC1D0A00F2C026 /* RxGesture in Frameworks */,
				F15751A926BC1C0B00F2C026 /* RxSwift in Frameworks */,
				F15751C226BC1DDE00F2C026 /* NSObject-Rx in Frameworks */,
				F15751BA26BC1DA600F2C026 /* RxRealm in Frameworks */,
			);
			runOnlyForDeploymentPostprocessing = 0;
		};
		F157517526BC164200F2C026 /* Frameworks */ = {
			isa = PBXFrameworksBuildPhase;
			buildActionMask = 2147483647;
			files = (
			);
			runOnlyForDeploymentPostprocessing = 0;
		};
/* End PBXFrameworksBuildPhase section */

/* Begin PBXGroup section */
		F157515926BC163F00F2C026 = {
			isa = PBXGroup;
			children = (
				F157516426BC163F00F2C026 /* scai_ios_test */,
				F157517B26BC164200F2C026 /* scai_ios_testTests */,
				F157516326BC163F00F2C026 /* Products */,
			);
			sourceTree = "<group>";
		};
		F157516326BC163F00F2C026 /* Products */ = {
			isa = PBXGroup;
			children = (
				F157516226BC163F00F2C026 /* scai_ios_test.app */,
				F157517826BC164200F2C026 /* scai_ios_testTests.xctest */,
			);
			name = Products;
			sourceTree = "<group>";
		};
		F157516426BC163F00F2C026 /* scai_ios_test */ = {
			isa = PBXGroup;
			children = (
				F15751D126BC1E4300F2C026 /* Network */,
				F15751D026BC1E3B00F2C026 /* Extension+Utils */,
				F15751CF26BC1E3700F2C026 /* Common */,
				F15751CC26BC1E3100F2C026 /* Scene */,
				F15751C926BC1E2800F2C026 /* Models */,
				F15751C826BC1E2100F2C026 /* Resources */,
				F15751C526BC1E1900F2C026 /* Application */,
			);
			path = scai_ios_test;
			sourceTree = "<group>";
		};
		F157517B26BC164200F2C026 /* scai_ios_testTests */ = {
			isa = PBXGroup;
			children = (
				F1CA230626BC454A0071CD5D /* Fixture */,
				F157517C26BC164200F2C026 /* scai_ios_testTests.swift */,
				F157517E26BC164200F2C026 /* Info.plist */,
				F1CA230226BC45340071CD5D /* MockDataCreator.swift */,
				F1CA230D26BC45D40071CD5D /* NetworkMock.swift */,
			);
			path = scai_ios_testTests;
			sourceTree = "<group>";
		};
		F15751C526BC1E1900F2C026 /* Application */ = {
			isa = PBXGroup;
			children = (
				F157516526BC163F00F2C026 /* AppDelegate.swift */,
				F15751DA26BC1F9200F2C026 /* Application.swift */,
				F15751DE26BC1FAC00F2C026 /* Navigator.swift */,
			);
			path = Application;
			sourceTree = "<group>";
		};
		F15751C826BC1E2100F2C026 /* Resources */ = {
			isa = PBXGroup;
			children = (
				F157516E26BC164200F2C026 /* Assets.xcassets */,
				F157517326BC164200F2C026 /* Info.plist */,
			);
			path = Resources;
			sourceTree = "<group>";
		};
		F15751C926BC1E2800F2C026 /* Models */ = {
			isa = PBXGroup;
			children = (
				F1CA22FA26BC42820071CD5D /* PhotoDetail.swift */,
				F1CA231D26BCE9B80071CD5D /* RMPhotoDetail.swift */,
				F1CA232126BD5F650071CD5D /* SavedPhotoModel.swift */,
			);
			path = Models;
			sourceTree = "<group>";
		};
		F15751CC26BC1E3100F2C026 /* Scene */ = {
			isa = PBXGroup;
			children = (
				F1CA232F26BD848E0071CD5D /* Gallery */,
				F1CA22F126BC36670071CD5D /* TypeSelect */,
				F1CA22DA26BC2C4D0071CD5D /* Landing */,
				F15751F726BC212200F2C026 /* TabBar */,
			);
			path = Scene;
			sourceTree = "<group>";
		};
		F15751CF26BC1E3700F2C026 /* Common */ = {
			isa = PBXGroup;
			children = (
				F157520626BC22ED00F2C026 /* NavigationController.swift */,
				F157516926BC163F00F2C026 /* ViewController.swift */,
				F15751E226BC202000F2C026 /* ViewModelType.swift */,
			);
			path = Common;
			sourceTree = "<group>";
		};
		F15751D026BC1E3B00F2C026 /* Extension+Utils */ = {
			isa = PBXGroup;
			children = (
				F15751EA26BC209900F2C026 /* Response.swift */,
				F157520226BC21C900F2C026 /* StoryboardName.swift */,
				F1CA22C826BC27AB0071CD5D /* Rx+Ext.swift */,
				F1CA22E326BC30F10071CD5D /* UIImagePickerController+Rx.swift */,
				F1CA231126BCE7020071CD5D /* Convertible.swift */,
				F1CA231526BCE7290071CD5D /* Reusable.swift */,
				F1CA231926BCE7450071CD5D /* Object+Ext.swift */,
				F1CA232526BD668B0071CD5D /* FileManager+Ext.swift */,
			);
			path = "Extension+Utils";
			sourceTree = "<group>";
		};
		F15751D126BC1E4300F2C026 /* Network */ = {
			isa = PBXGroup;
			children = (
				F15751E626BC204100F2C026 /* NetworkManager.swift */,
				F1CA22FE26BC42E00071CD5D /* RequestProtocol.swift */,
			);
			path = Network;
			sourceTree = "<group>";
		};
		F15751F726BC212200F2C026 /* TabBar */ = {
			isa = PBXGroup;
			children = (
				F15751F926BC212200F2C026 /* TabBarViewController.swift */,
				F15751FA26BC212200F2C026 /* TabBarViewModel.swift */,
				F1CA22E726BC35A50071CD5D /* TabBarItem.swift */,
			);
			path = TabBar;
			sourceTree = "<group>";
		};
		F1CA22DA26BC2C4D0071CD5D /* Landing */ = {
			isa = PBXGroup;
			children = (
				F1CA22DB26BC2C4D0071CD5D /* Landing.storyboard */,
				F1CA22DC26BC2C4D0071CD5D /* LandingViewController.swift */,
				F1CA22DD26BC2C4D0071CD5D /* LandingViewModel.swift */,
			);
			path = Landing;
			sourceTree = "<group>";
		};
		F1CA22F126BC36670071CD5D /* TypeSelect */ = {
			isa = PBXGroup;
			children = (
				F1CA22F226BC36670071CD5D /* TypeSelect.storyboard */,
				F1CA22F326BC36670071CD5D /* TypeSelectViewController.swift */,
				F1CA22F426BC36670071CD5D /* TypeSelectViewModel.swift */,
			);
			path = TypeSelect;
			sourceTree = "<group>";
		};
		F1CA230626BC454A0071CD5D /* Fixture */ = {
			isa = PBXGroup;
			children = (
				F1CA230726BC45770071CD5D /* photo_detail.json */,
			);
			path = Fixture;
			sourceTree = "<group>";
		};
		F1CA232F26BD848E0071CD5D /* Gallery */ = {
			isa = PBXGroup;
			children = (
				F1CA233026BD848E0071CD5D /* Gallery.storyboard */,
				F1CA233126BD848E0071CD5D /* GalleryViewController.swift */,
				F1CA233226BD848E0071CD5D /* GalleryViewModel.swift */,
			);
			path = Gallery;
			sourceTree = "<group>";
		};
/* End PBXGroup section */

/* Begin PBXNativeTarget section */
		F157516126BC163F00F2C026 /* scai_ios_test */ = {
			isa = PBXNativeTarget;
			buildConfigurationList = F157518C26BC164200F2C026 /* Build configuration list for PBXNativeTarget "scai_ios_test" */;
			buildPhases = (
				F157515E26BC163F00F2C026 /* Sources */,
				F157515F26BC163F00F2C026 /* Frameworks */,
				F157516026BC163F00F2C026 /* Resources */,
			);
			buildRules = (
			);
			dependencies = (
			);
			name = scai_ios_test;
			packageProductDependencies = (
				F15751A826BC1C0B00F2C026 /* RxSwift */,
				F15751AA26BC1C0B00F2C026 /* RxCocoa */,
				F15751AF26BC1C2C00F2C026 /* RxDataSources */,
				F15751B426BC1D0A00F2C026 /* RxGesture */,
				F15751B926BC1DA600F2C026 /* RxRealm */,
				F15751C126BC1DDE00F2C026 /* NSObject-Rx */,
			);
			productName = scai_ios_test;
			productReference = F157516226BC163F00F2C026 /* scai_ios_test.app */;
			productType = "com.apple.product-type.application";
		};
		F157517726BC164200F2C026 /* scai_ios_testTests */ = {
			isa = PBXNativeTarget;
			buildConfigurationList = F157518F26BC164200F2C026 /* Build configuration list for PBXNativeTarget "scai_ios_testTests" */;
			buildPhases = (
				F157517426BC164200F2C026 /* Sources */,
				F157517526BC164200F2C026 /* Frameworks */,
				F157517626BC164200F2C026 /* Resources */,
			);
			buildRules = (
			);
			dependencies = (
				F157517A26BC164200F2C026 /* PBXTargetDependency */,
			);
			name = scai_ios_testTests;
			productName = scai_ios_testTests;
			productReference = F157517826BC164200F2C026 /* scai_ios_testTests.xctest */;
			productType = "com.apple.product-type.bundle.unit-test";
		};
/* End PBXNativeTarget section */

/* Begin PBXProject section */
		F157515A26BC163F00F2C026 /* Project object */ = {
			isa = PBXProject;
			attributes = {
				LastSwiftUpdateCheck = 1240;
				LastUpgradeCheck = 1240;
				TargetAttributes = {
					F157516126BC163F00F2C026 = {
						CreatedOnToolsVersion = 12.4;
					};
					F157517726BC164200F2C026 = {
						CreatedOnToolsVersion = 12.4;
						TestTargetID = F157516126BC163F00F2C026;
					};
				};
			};
			buildConfigurationList = F157515D26BC163F00F2C026 /* Build configuration list for PBXProject "scai_ios_test" */;
			compatibilityVersion = "Xcode 9.3";
			developmentRegion = en;
			hasScannedForEncodings = 0;
			knownRegions = (
				en,
				Base,
			);
			mainGroup = F157515926BC163F00F2C026;
			packageReferences = (
				F15751A726BC1C0B00F2C026 /* XCRemoteSwiftPackageReference "RxSwift" */,
				F15751AE26BC1C2C00F2C026 /* XCRemoteSwiftPackageReference "RxDataSources" */,
				F15751B326BC1D0A00F2C026 /* XCRemoteSwiftPackageReference "RxGesture" */,
				F15751B826BC1DA600F2C026 /* XCRemoteSwiftPackageReference "RxRealm" */,
				F15751BD26BC1DB400F2C026 /* XCRemoteSwiftPackageReference "realm-cocoa" */,
				F15751C026BC1DDE00F2C026 /* XCRemoteSwiftPackageReference "NSObject-Rx" */,
			);
			productRefGroup = F157516326BC163F00F2C026 /* Products */;
			projectDirPath = "";
			projectRoot = "";
			targets = (
				F157516126BC163F00F2C026 /* scai_ios_test */,
				F157517726BC164200F2C026 /* scai_ios_testTests */,
			);
		};
/* End PBXProject section */

/* Begin PBXResourcesBuildPhase section */
		F157516026BC163F00F2C026 /* Resources */ = {
			isa = PBXResourcesBuildPhase;
			buildActionMask = 2147483647;
			files = (
				F1CA22DE26BC2C4D0071CD5D /* Landing.storyboard in Resources */,
				F1CA233326BD848E0071CD5D /* Gallery.storyboard in Resources */,
				F1CA22F526BC36670071CD5D /* TypeSelect.storyboard in Resources */,
				F157516F26BC164200F2C026 /* Assets.xcassets in Resources */,
			);
			runOnlyForDeploymentPostprocessing = 0;
		};
		F157517626BC164200F2C026 /* Resources */ = {
			isa = PBXResourcesBuildPhase;
			buildActionMask = 2147483647;
			files = (
				F1CA230826BC45770071CD5D /* photo_detail.json in Resources */,
			);
			runOnlyForDeploymentPostprocessing = 0;
		};
/* End PBXResourcesBuildPhase section */

/* Begin PBXSourcesBuildPhase section */
		F157515E26BC163F00F2C026 /* Sources */ = {
			isa = PBXSourcesBuildPhase;
			buildActionMask = 2147483647;
			files = (
				F15751FD26BC212200F2C026 /* TabBarViewModel.swift in Sources */,
				F1CA233526BD848E0071CD5D /* GalleryViewModel.swift in Sources */,
				F1CA22C926BC27AB0071CD5D /* Rx+Ext.swift in Sources */,
				F1CA231E26BCE9B80071CD5D /* RMPhotoDetail.swift in Sources */,
				F157520726BC22ED00F2C026 /* NavigationController.swift in Sources */,
				F1CA22E426BC30F10071CD5D /* UIImagePickerController+Rx.swift in Sources */,
				F157520326BC21C900F2C026 /* StoryboardName.swift in Sources */,
				F15751EB26BC209900F2C026 /* Response.swift in Sources */,
				F1CA22E826BC35A50071CD5D /* TabBarItem.swift in Sources */,
				F15751DB26BC1F9200F2C026 /* Application.swift in Sources */,
				F15751DF26BC1FAC00F2C026 /* Navigator.swift in Sources */,
				F15751E326BC202000F2C026 /* ViewModelType.swift in Sources */,
				F1CA22F726BC36670071CD5D /* TypeSelectViewModel.swift in Sources */,
				F15751FC26BC212200F2C026 /* TabBarViewController.swift in Sources */,
				F1CA231626BCE7290071CD5D /* Reusable.swift in Sources */,
				F1CA22FB26BC42820071CD5D /* PhotoDetail.swift in Sources */,
				F1CA233426BD848E0071CD5D /* GalleryViewController.swift in Sources */,
				F1CA232626BD668B0071CD5D /* FileManager+Ext.swift in Sources */,
				F15751E726BC204100F2C026 /* NetworkManager.swift in Sources */,
				F157516A26BC163F00F2C026 /* ViewController.swift in Sources */,
				F1CA22F626BC36670071CD5D /* TypeSelectViewController.swift in Sources */,
				F1CA22DF26BC2C4D0071CD5D /* LandingViewController.swift in Sources */,
				F1CA232226BD5F650071CD5D /* SavedPhotoModel.swift in Sources */,
				F1CA231226BCE7020071CD5D /* Convertible.swift in Sources */,
				F1CA22E026BC2C4D0071CD5D /* LandingViewModel.swift in Sources */,
				F157516626BC163F00F2C026 /* AppDelegate.swift in Sources */,
				F1CA22FF26BC42E00071CD5D /* RequestProtocol.swift in Sources */,
				F1CA231A26BCE7450071CD5D /* Object+Ext.swift in Sources */,
			);
			runOnlyForDeploymentPostprocessing = 0;
		};
		F157517426BC164200F2C026 /* Sources */ = {
			isa = PBXSourcesBuildPhase;
			buildActionMask = 2147483647;
			files = (
				F1CA230326BC45340071CD5D /* MockDataCreator.swift in Sources */,
				F157517D26BC164200F2C026 /* scai_ios_testTests.swift in Sources */,
				F1CA230E26BC45D40071CD5D /* NetworkMock.swift in Sources */,
			);
			runOnlyForDeploymentPostprocessing = 0;
		};
/* End PBXSourcesBuildPhase section */

/* Begin PBXTargetDependency section */
		F157517A26BC164200F2C026 /* PBXTargetDependency */ = {
			isa = PBXTargetDependency;
			target = F157516126BC163F00F2C026 /* scai_ios_test */;
			targetProxy = F157517926BC164200F2C026 /* PBXContainerItemProxy */;
		};
/* End PBXTargetDependency section */

/* Begin XCBuildConfiguration section */
		F157518A26BC164200F2C026 /* Debug */ = {
			isa = XCBuildConfiguration;
			buildSettings = {
				ALWAYS_SEARCH_USER_PATHS = NO;
				CLANG_ANALYZER_NONNULL = YES;
				CLANG_ANALYZER_NUMBER_OBJECT_CONVERSION = YES_AGGRESSIVE;
				CLANG_CXX_LANGUAGE_STANDARD = "gnu++14";
				CLANG_CXX_LIBRARY = "libc++";
				CLANG_ENABLE_MODULES = YES;
				CLANG_ENABLE_OBJC_ARC = YES;
				CLANG_ENABLE_OBJC_WEAK = YES;
				CLANG_WARN_BLOCK_CAPTURE_AUTORELEASING = YES;
				CLANG_WARN_BOOL_CONVERSION = YES;
				CLANG_WARN_COMMA = YES;
				CLANG_WARN_CONSTANT_CONVERSION = YES;
				CLANG_WARN_DEPRECATED_OBJC_IMPLEMENTATIONS = YES;
				CLANG_WARN_DIRECT_OBJC_ISA_USAGE = YES_ERROR;
				CLANG_WARN_DOCUMENTATION_COMMENTS = YES;
				CLANG_WARN_EMPTY_BODY = YES;
				CLANG_WARN_ENUM_CONVERSION = YES;
				CLANG_WARN_INFINITE_RECURSION = YES;
				CLANG_WARN_INT_CONVERSION = YES;
				CLANG_WARN_NON_LITERAL_NULL_CONVERSION = YES;
				CLANG_WARN_OBJC_IMPLICIT_RETAIN_SELF = YES;
				CLANG_WARN_OBJC_LITERAL_CONVERSION = YES;
				CLANG_WARN_OBJC_ROOT_CLASS = YES_ERROR;
				CLANG_WARN_QUOTED_INCLUDE_IN_FRAMEWORK_HEADER = YES;
				CLANG_WARN_RANGE_LOOP_ANALYSIS = YES;
				CLANG_WARN_STRICT_PROTOTYPES = YES;
				CLANG_WARN_SUSPICIOUS_MOVE = YES;
				CLANG_WARN_UNGUARDED_AVAILABILITY = YES_AGGRESSIVE;
				CLANG_WARN_UNREACHABLE_CODE = YES;
				CLANG_WARN__DUPLICATE_METHOD_MATCH = YES;
				COPY_PHASE_STRIP = NO;
				DEBUG_INFORMATION_FORMAT = dwarf;
				ENABLE_STRICT_OBJC_MSGSEND = YES;
				ENABLE_TESTABILITY = YES;
				GCC_C_LANGUAGE_STANDARD = gnu11;
				GCC_DYNAMIC_NO_PIC = NO;
				GCC_NO_COMMON_BLOCKS = YES;
				GCC_OPTIMIZATION_LEVEL = 0;
				GCC_PREPROCESSOR_DEFINITIONS = (
					"DEBUG=1",
					"$(inherited)",
				);
				GCC_WARN_64_TO_32_BIT_CONVERSION = YES;
				GCC_WARN_ABOUT_RETURN_TYPE = YES_ERROR;
				GCC_WARN_UNDECLARED_SELECTOR = YES;
				GCC_WARN_UNINITIALIZED_AUTOS = YES_AGGRESSIVE;
				GCC_WARN_UNUSED_FUNCTION = YES;
				GCC_WARN_UNUSED_VARIABLE = YES;
				IPHONEOS_DEPLOYMENT_TARGET = 14.1;
				MTL_ENABLE_DEBUG_INFO = INCLUDE_SOURCE;
				MTL_FAST_MATH = YES;
				ONLY_ACTIVE_ARCH = YES;
				SDKROOT = iphoneos;
				SWIFT_ACTIVE_COMPILATION_CONDITIONS = DEBUG;
				SWIFT_OPTIMIZATION_LEVEL = "-Onone";
			};
			name = Debug;
		};
		F157518B26BC164200F2C026 /* Release */ = {
			isa = XCBuildConfiguration;
			buildSettings = {
				ALWAYS_SEARCH_USER_PATHS = NO;
				CLANG_ANALYZER_NONNULL = YES;
				CLANG_ANALYZER_NUMBER_OBJECT_CONVERSION = YES_AGGRESSIVE;
				CLANG_CXX_LANGUAGE_STANDARD = "gnu++14";
				CLANG_CXX_LIBRARY = "libc++";
				CLANG_ENABLE_MODULES = YES;
				CLANG_ENABLE_OBJC_ARC = YES;
				CLANG_ENABLE_OBJC_WEAK = YES;
				CLANG_WARN_BLOCK_CAPTURE_AUTORELEASING = YES;
				CLANG_WARN_BOOL_CONVERSION = YES;
				CLANG_WARN_COMMA = YES;
				CLANG_WARN_CONSTANT_CONVERSION = YES;
				CLANG_WARN_DEPRECATED_OBJC_IMPLEMENTATIONS = YES;
				CLANG_WARN_DIRECT_OBJC_ISA_USAGE = YES_ERROR;
				CLANG_WARN_DOCUMENTATION_COMMENTS = YES;
				CLANG_WARN_EMPTY_BODY = YES;
				CLANG_WARN_ENUM_CONVERSION = YES;
				CLANG_WARN_INFINITE_RECURSION = YES;
				CLANG_WARN_INT_CONVERSION = YES;
				CLANG_WARN_NON_LITERAL_NULL_CONVERSION = YES;
				CLANG_WARN_OBJC_IMPLICIT_RETAIN_SELF = YES;
				CLANG_WARN_OBJC_LITERAL_CONVERSION = YES;
				CLANG_WARN_OBJC_ROOT_CLASS = YES_ERROR;
				CLANG_WARN_QUOTED_INCLUDE_IN_FRAMEWORK_HEADER = YES;
				CLANG_WARN_RANGE_LOOP_ANALYSIS = YES;
				CLANG_WARN_STRICT_PROTOTYPES = YES;
				CLANG_WARN_SUSPICIOUS_MOVE = YES;
				CLANG_WARN_UNGUARDED_AVAILABILITY = YES_AGGRESSIVE;
				CLANG_WARN_UNREACHABLE_CODE = YES;
				CLANG_WARN__DUPLICATE_METHOD_MATCH = YES;
				COPY_PHASE_STRIP = NO;
				DEBUG_INFORMATION_FORMAT = "dwarf-with-dsym";
				ENABLE_NS_ASSERTIONS = NO;
				ENABLE_STRICT_OBJC_MSGSEND = YES;
				GCC_C_LANGUAGE_STANDARD = gnu11;
				GCC_NO_COMMON_BLOCKS = YES;
				GCC_WARN_64_TO_32_BIT_CONVERSION = YES;
				GCC_WARN_ABOUT_RETURN_TYPE = YES_ERROR;
				GCC_WARN_UNDECLARED_SELECTOR = YES;
				GCC_WARN_UNINITIALIZED_AUTOS = YES_AGGRESSIVE;
				GCC_WARN_UNUSED_FUNCTION = YES;
				GCC_WARN_UNUSED_VARIABLE = YES;
				IPHONEOS_DEPLOYMENT_TARGET = 14.1;
				MTL_ENABLE_DEBUG_INFO = NO;
				MTL_FAST_MATH = YES;
				SDKROOT = iphoneos;
				SWIFT_COMPILATION_MODE = wholemodule;
				SWIFT_OPTIMIZATION_LEVEL = "-O";
				VALIDATE_PRODUCT = YES;
			};
			name = Release;
		};
		F157518D26BC164200F2C026 /* Debug */ = {
			isa = XCBuildConfiguration;
			buildSettings = {
				ASSETCATALOG_COMPILER_APPICON_NAME = AppIcon;
				ASSETCATALOG_COMPILER_GLOBAL_ACCENT_COLOR_NAME = AccentColor;
				CODE_SIGN_STYLE = Automatic;
				INFOPLIST_FILE = "$(SRCROOT)/scai_ios_test/Resources/Info.plist";
				LD_RUNPATH_SEARCH_PATHS = (
					"$(inherited)",
					"@executable_path/Frameworks",
				);
				PRODUCT_BUNDLE_IDENTIFIER = "com.milan.scai-ios-test";
				PRODUCT_NAME = "$(TARGET_NAME)";
				SWIFT_VERSION = 5.0;
				TARGETED_DEVICE_FAMILY = "1,2";
			};
			name = Debug;
		};
		F157518E26BC164200F2C026 /* Release */ = {
			isa = XCBuildConfiguration;
			buildSettings = {
				ASSETCATALOG_COMPILER_APPICON_NAME = AppIcon;
				ASSETCATALOG_COMPILER_GLOBAL_ACCENT_COLOR_NAME = AccentColor;
				CODE_SIGN_STYLE = Automatic;
				INFOPLIST_FILE = "$(SRCROOT)/scai_ios_test/Resources/Info.plist";
				LD_RUNPATH_SEARCH_PATHS = (
					"$(inherited)",
					"@executable_path/Frameworks",
				);
				PRODUCT_BUNDLE_IDENTIFIER = "com.milan.scai-ios-test";
				PRODUCT_NAME = "$(TARGET_NAME)";
				SWIFT_VERSION = 5.0;
				TARGETED_DEVICE_FAMILY = "1,2";
			};
			name = Release;
		};
		F157519026BC164200F2C026 /* Debug */ = {
			isa = XCBuildConfiguration;
			buildSettings = {
				ALWAYS_EMBED_SWIFT_STANDARD_LIBRARIES = YES;
				BUNDLE_LOADER = "$(TEST_HOST)";
				CODE_SIGN_STYLE = Automatic;
				INFOPLIST_FILE = scai_ios_testTests/Info.plist;
				IPHONEOS_DEPLOYMENT_TARGET = 14.4;
				LD_RUNPATH_SEARCH_PATHS = (
					"$(inherited)",
					"@executable_path/Frameworks",
					"@loader_path/Frameworks",
				);
				PRODUCT_BUNDLE_IDENTIFIER = "com.milan.scai-ios-testTests";
				PRODUCT_NAME = "$(TARGET_NAME)";
				SWIFT_VERSION = 5.0;
				TARGETED_DEVICE_FAMILY = "1,2";
				TEST_HOST = "$(BUILT_PRODUCTS_DIR)/scai_ios_test.app/scai_ios_test";
			};
			name = Debug;
		};
		F157519126BC164200F2C026 /* Release */ = {
			isa = XCBuildConfiguration;
			buildSettings = {
				ALWAYS_EMBED_SWIFT_STANDARD_LIBRARIES = YES;
				BUNDLE_LOADER = "$(TEST_HOST)";
				CODE_SIGN_STYLE = Automatic;
				INFOPLIST_FILE = scai_ios_testTests/Info.plist;
				IPHONEOS_DEPLOYMENT_TARGET = 14.4;
				LD_RUNPATH_SEARCH_PATHS = (
					"$(inherited)",
					"@executable_path/Frameworks",
					"@loader_path/Frameworks",
				);
				PRODUCT_BUNDLE_IDENTIFIER = "com.milan.scai-ios-testTests";
				PRODUCT_NAME = "$(TARGET_NAME)";
				SWIFT_VERSION = 5.0;
				TARGETED_DEVICE_FAMILY = "1,2";
				TEST_HOST = "$(BUILT_PRODUCTS_DIR)/scai_ios_test.app/scai_ios_test";
			};
			name = Release;
		};
/* End XCBuildConfiguration section */

/* Begin XCConfigurationList section */
		F157515D26BC163F00F2C026 /* Build configuration list for PBXProject "scai_ios_test" */ = {
			isa = XCConfigurationList;
			buildConfigurations = (
				F157518A26BC164200F2C026 /* Debug */,
				F157518B26BC164200F2C026 /* Release */,
			);
			defaultConfigurationIsVisible = 0;
			defaultConfigurationName = Release;
		};
		F157518C26BC164200F2C026 /* Build configuration list for PBXNativeTarget "scai_ios_test" */ = {
			isa = XCConfigurationList;
			buildConfigurations = (
				F157518D26BC164200F2C026 /* Debug */,
				F157518E26BC164200F2C026 /* Release */,
			);
			defaultConfigurationIsVisible = 0;
			defaultConfigurationName = Release;
		};
		F157518F26BC164200F2C026 /* Build configuration list for PBXNativeTarget "scai_ios_testTests" */ = {
			isa = XCConfigurationList;
			buildConfigurations = (
				F157519026BC164200F2C026 /* Debug */,
				F157519126BC164200F2C026 /* Release */,
			);
			defaultConfigurationIsVisible = 0;
			defaultConfigurationName = Release;
		};
/* End XCConfigurationList section */

/* Begin XCRemoteSwiftPackageReference section */
		F15751A726BC1C0B00F2C026 /* XCRemoteSwiftPackageReference "RxSwift" */ = {
			isa = XCRemoteSwiftPackageReference;
			repositoryURL = "https://github.com/ReactiveX/RxSwift.git";
			requirement = {
				kind = upToNextMajorVersion;
				minimumVersion = 6.2.0;
			};
		};
		F15751AE26BC1C2C00F2C026 /* XCRemoteSwiftPackageReference "RxDataSources" */ = {
			isa = XCRemoteSwiftPackageReference;
			repositoryURL = "https://github.com/RxSwiftCommunity/RxDataSources.git";
			requirement = {
				kind = upToNextMajorVersion;
				minimumVersion = 5.0.1;
			};
		};
		F15751B326BC1D0A00F2C026 /* XCRemoteSwiftPackageReference "RxGesture" */ = {
			isa = XCRemoteSwiftPackageReference;
			repositoryURL = "https://github.com/RxSwiftCommunity/RxGesture";
			requirement = {
				kind = upToNextMajorVersion;
				minimumVersion = 4.0.2;
			};
		};
		F15751B826BC1DA600F2C026 /* XCRemoteSwiftPackageReference "RxRealm" */ = {
			isa = XCRemoteSwiftPackageReference;
			repositoryURL = "https://github.com/RxSwiftCommunity/RxRealm.git";
			requirement = {
				kind = upToNextMajorVersion;
				minimumVersion = 5.0.2;
			};
		};
		F15751BD26BC1DB400F2C026 /* XCRemoteSwiftPackageReference "realm-cocoa" */ = {
			isa = XCRemoteSwiftPackageReference;
			repositoryURL = "https://github.com/realm/realm-cocoa.git";
			requirement = {
				kind = upToNextMajorVersion;
				minimumVersion = 10.12.0;
			};
		};
		F15751C026BC1DDE00F2C026 /* XCRemoteSwiftPackageReference "NSObject-Rx" */ = {
			isa = XCRemoteSwiftPackageReference;
			repositoryURL = "https://github.com/RxSwiftCommunity/NSObject-Rx";
			requirement = {
				kind = upToNextMajorVersion;
				minimumVersion = 5.2.2;
			};
		};
/* End XCRemoteSwiftPackageReference section */

/* Begin XCSwiftPackageProductDependency section */
		F15751A826BC1C0B00F2C026 /* RxSwift */ = {
			isa = XCSwiftPackageProductDependency;
			package = F15751A726BC1C0B00F2C026 /* XCRemoteSwiftPackageReference "RxSwift" */;
			productName = RxSwift;
		};
		F15751AA26BC1C0B00F2C026 /* RxCocoa */ = {
			isa = XCSwiftPackageProductDependency;
			package = F15751A726BC1C0B00F2C026 /* XCRemoteSwiftPackageReference "RxSwift" */;
			productName = RxCocoa;
		};
		F15751AF26BC1C2C00F2C026 /* RxDataSources */ = {
			isa = XCSwiftPackageProductDependency;
			package = F15751AE26BC1C2C00F2C026 /* XCRemoteSwiftPackageReference "RxDataSources" */;
			productName = RxDataSources;
		};
		F15751B426BC1D0A00F2C026 /* RxGesture */ = {
			isa = XCSwiftPackageProductDependency;
			package = F15751B326BC1D0A00F2C026 /* XCRemoteSwiftPackageReference "RxGesture" */;
			productName = RxGesture;
		};
		F15751B926BC1DA600F2C026 /* RxRealm */ = {
			isa = XCSwiftPackageProductDependency;
			package = F15751B826BC1DA600F2C026 /* XCRemoteSwiftPackageReference "RxRealm" */;
			productName = RxRealm;
		};
		F15751C126BC1DDE00F2C026 /* NSObject-Rx */ = {
			isa = XCSwiftPackageProductDependency;
			package = F15751C026BC1DDE00F2C026 /* XCRemoteSwiftPackageReference "NSObject-Rx" */;
			productName = "NSObject-Rx";
		};
/* End XCSwiftPackageProductDependency section */
	};
	rootObject = F157515A26BC163F00F2C026 /* Project object */;
}
